// !$*UTF8*$!
{
	archiveVersion = 1;
	classes = {
	};
	objectVersion = 50;
	objects = {

/* Begin PBXBuildFile section */
		951BD91624446AE000237280 /* Result.swift in Sources */ = {isa = PBXBuildFile; fileRef = 951BD91524446AE000237280 /* Result.swift */; };
		951BD9182444705600237280 /* MKPointAnnotation-Codable.swift in Sources */ = {isa = PBXBuildFile; fileRef = 951BD9172444705600237280 /* MKPointAnnotation-Codable.swift */; };
		952873362442C84100B2AFAA /* AppDelegate.swift in Sources */ = {isa = PBXBuildFile; fileRef = 952873352442C84100B2AFAA /* AppDelegate.swift */; };
		952873382442C84100B2AFAA /* SceneDelegate.swift in Sources */ = {isa = PBXBuildFile; fileRef = 952873372442C84100B2AFAA /* SceneDelegate.swift */; };
		9528733A2442C84100B2AFAA /* ContentView.swift in Sources */ = {isa = PBXBuildFile; fileRef = 952873392442C84100B2AFAA /* ContentView.swift */; };
		9528733C2442C84500B2AFAA /* Assets.xcassets in Resources */ = {isa = PBXBuildFile; fileRef = 9528733B2442C84500B2AFAA /* Assets.xcassets */; };
		9528733F2442C84500B2AFAA /* Preview Assets.xcassets in Resources */ = {isa = PBXBuildFile; fileRef = 9528733E2442C84500B2AFAA /* Preview Assets.xcassets */; };
		952873422442C84500B2AFAA /* LaunchScreen.storyboard in Resources */ = {isa = PBXBuildFile; fileRef = 952873402442C84500B2AFAA /* LaunchScreen.storyboard */; };
		9528734A2442E13200B2AFAA /* note.swift in Sources */ = {isa = PBXBuildFile; fileRef = 952873492442E13200B2AFAA /* note.swift */; };
		9528734C2442E26700B2AFAA /* MapView1.swift in Sources */ = {isa = PBXBuildFile; fileRef = 9528734B2442E26600B2AFAA /* MapView1.swift */; };
		9528734E2443212E00B2AFAA /* MapView.swift in Sources */ = {isa = PBXBuildFile; fileRef = 9528734D2443212E00B2AFAA /* MapView.swift */; };
		95287350244347CF00B2AFAA /* MKPointAnnotation-ObservableObject.swift in Sources */ = {isa = PBXBuildFile; fileRef = 9528734F244347CF00B2AFAA /* MKPointAnnotation-ObservableObject.swift */; };
		952873522443484100B2AFAA /* EditView.swift in Sources */ = {isa = PBXBuildFile; fileRef = 952873512443484100B2AFAA /* EditView.swift */; };
/* End PBXBuildFile section */

/* Begin PBXFileReference section */
		951BD91524446AE000237280 /* Result.swift */ = {isa = PBXFileReference; lastKnownFileType = sourcecode.swift; path = Result.swift; sourceTree = "<group>"; };
		951BD9172444705600237280 /* MKPointAnnotation-Codable.swift */ = {isa = PBXFileReference; lastKnownFileType = sourcecode.swift; path = "MKPointAnnotation-Codable.swift"; sourceTree = "<group>"; };
		952873322442C84100B2AFAA /* BucketList.app */ = {isa = PBXFileReference; explicitFileType = wrapper.application; includeInIndex = 0; path = BucketList.app; sourceTree = BUILT_PRODUCTS_DIR; };
		952873352442C84100B2AFAA /* AppDelegate.swift */ = {isa = PBXFileReference; lastKnownFileType = sourcecode.swift; path = AppDelegate.swift; sourceTree = "<group>"; };
		952873372442C84100B2AFAA /* SceneDelegate.swift */ = {isa = PBXFileReference; lastKnownFileType = sourcecode.swift; path = SceneDelegate.swift; sourceTree = "<group>"; };
		952873392442C84100B2AFAA /* ContentView.swift */ = {isa = PBXFileReference; lastKnownFileType = sourcecode.swift; path = ContentView.swift; sourceTree = "<group>"; };
		9528733B2442C84500B2AFAA /* Assets.xcassets */ = {isa = PBXFileReference; lastKnownFileType = folder.assetcatalog; path = Assets.xcassets; sourceTree = "<group>"; };
		9528733E2442C84500B2AFAA /* Preview Assets.xcassets */ = {isa = PBXFileReference; lastKnownFileType = folder.assetcatalog; path = "Preview Assets.xcassets"; sourceTree = "<group>"; };
		952873412442C84500B2AFAA /* Base */ = {isa = PBXFileReference; lastKnownFileType = file.storyboard; name = Base; path = Base.lproj/LaunchScreen.storyboard; sourceTree = "<group>"; };
		952873432442C84500B2AFAA /* Info.plist */ = {isa = PBXFileReference; lastKnownFileType = text.plist.xml; path = Info.plist; sourceTree = "<group>"; };
		952873492442E13200B2AFAA /* note.swift */ = {isa = PBXFileReference; lastKnownFileType = sourcecode.swift; path = note.swift; sourceTree = "<group>"; };
		9528734B2442E26600B2AFAA /* MapView1.swift */ = {isa = PBXFileReference; lastKnownFileType = sourcecode.swift; path = MapView1.swift; sourceTree = "<group>"; };
		9528734D2443212E00B2AFAA /* MapView.swift */ = {isa = PBXFileReference; lastKnownFileType = sourcecode.swift; path = MapView.swift; sourceTree = "<group>"; };
		9528734F244347CF00B2AFAA /* MKPointAnnotation-ObservableObject.swift */ = {isa = PBXFileReference; lastKnownFileType = sourcecode.swift; path = "MKPointAnnotation-ObservableObject.swift"; sourceTree = "<group>"; };
		952873512443484100B2AFAA /* EditView.swift */ = {isa = PBXFileReference; lastKnownFileType = sourcecode.swift; path = EditView.swift; sourceTree = "<group>"; };
/* End PBXFileReference section */

/* Begin PBXFrameworksBuildPhase section */
		9528732F2442C84100B2AFAA /* Frameworks */ = {
			isa = PBXFrameworksBuildPhase;
			buildActionMask = 2147483647;
			files = (
			);
			runOnlyForDeploymentPostprocessing = 0;
		};
/* End PBXFrameworksBuildPhase section */

/* Begin PBXGroup section */
		952873292442C84100B2AFAA = {
			isa = PBXGroup;
			children = (
				952873342442C84100B2AFAA /* BucketList */,
				952873332442C84100B2AFAA /* Products */,
			);
			sourceTree = "<group>";
		};
		952873332442C84100B2AFAA /* Products */ = {
			isa = PBXGroup;
			children = (
				952873322442C84100B2AFAA /* BucketList.app */,
			);
			name = Products;
			sourceTree = "<group>";
		};
		952873342442C84100B2AFAA /* BucketList */ = {
			isa = PBXGroup;
			children = (
				952873352442C84100B2AFAA /* AppDelegate.swift */,
				952873372442C84100B2AFAA /* SceneDelegate.swift */,
				952873392442C84100B2AFAA /* ContentView.swift */,
				9528734D2443212E00B2AFAA /* MapView.swift */,
				951BD9172444705600237280 /* MKPointAnnotation-Codable.swift */,
				952873512443484100B2AFAA /* EditView.swift */,
				951BD91524446AE000237280 /* Result.swift */,
				9528734F244347CF00B2AFAA /* MKPointAnnotation-ObservableObject.swift */,
				9528733B2442C84500B2AFAA /* Assets.xcassets */,
				952873402442C84500B2AFAA /* LaunchScreen.storyboard */,
				952873432442C84500B2AFAA /* Info.plist */,
				9528733D2442C84500B2AFAA /* Preview Content */,
				952873492442E13200B2AFAA /* note.swift */,
				9528734B2442E26600B2AFAA /* MapView1.swift */,
			);
			path = BucketList;
			sourceTree = "<group>";
		};
		9528733D2442C84500B2AFAA /* Preview Content */ = {
			isa = PBXGroup;
			children = (
				9528733E2442C84500B2AFAA /* Preview Assets.xcassets */,
			);
			path = "Preview Content";
			sourceTree = "<group>";
		};
/* End PBXGroup section */

/* Begin PBXNativeTarget section */
		952873312442C84100B2AFAA /* BucketList */ = {
			isa = PBXNativeTarget;
			buildConfigurationList = 952873462442C84500B2AFAA /* Build configuration list for PBXNativeTarget "BucketList" */;
			buildPhases = (
				9528732E2442C84100B2AFAA /* Sources */,
				9528732F2442C84100B2AFAA /* Frameworks */,
				952873302442C84100B2AFAA /* Resources */,
			);
			buildRules = (
			);
			dependencies = (
			);
			name = BucketList;
			productName = BucketList;
			productReference = 952873322442C84100B2AFAA /* BucketList.app */;
			productType = "com.apple.product-type.application";
		};
/* End PBXNativeTarget section */

/* Begin PBXProject section */
		9528732A2442C84100B2AFAA /* Project object */ = {
			isa = PBXProject;
			attributes = {
				LastSwiftUpdateCheck = 1140;
				LastUpgradeCheck = 1140;
				ORGANIZATIONNAME = "Yuki Shinohara";
				TargetAttributes = {
					952873312442C84100B2AFAA = {
						CreatedOnToolsVersion = 11.4;
					};
				};
			};
			buildConfigurationList = 9528732D2442C84100B2AFAA /* Build configuration list for PBXProject "BucketList" */;
			compatibilityVersion = "Xcode 9.3";
			developmentRegion = en;
			hasScannedForEncodings = 0;
			knownRegions = (
				en,
				Base,
			);
			mainGroup = 952873292442C84100B2AFAA;
			productRefGroup = 952873332442C84100B2AFAA /* Products */;
			projectDirPath = "";
			projectRoot = "";
			targets = (
				952873312442C84100B2AFAA /* BucketList */,
			);
		};
/* End PBXProject section */

/* Begin PBXResourcesBuildPhase section */
		952873302442C84100B2AFAA /* Resources */ = {
			isa = PBXResourcesBuildPhase;
			buildActionMask = 2147483647;
			files = (
				952873422442C84500B2AFAA /* LaunchScreen.storyboard in Resources */,
				9528733F2442C84500B2AFAA /* Preview Assets.xcassets in Resources */,
				9528733C2442C84500B2AFAA /* Assets.xcassets in Resources */,
			);
			runOnlyForDeploymentPostprocessing = 0;
		};
/* End PBXResourcesBuildPhase section */

/* Begin PBXSourcesBuildPhase section */
		9528732E2442C84100B2AFAA /* Sources */ = {
			isa = PBXSourcesBuildPhase;
			buildActionMask = 2147483647;
			files = (
				951BD91624446AE000237280 /* Result.swift in Sources */,
				952873362442C84100B2AFAA /* AppDelegate.swift in Sources */,
				9528734E2443212E00B2AFAA /* MapView.swift in Sources */,
				952873522443484100B2AFAA /* EditView.swift in Sources */,
				95287350244347CF00B2AFAA /* MKPointAnnotation-ObservableObject.swift in Sources */,
				952873382442C84100B2AFAA /* SceneDelegate.swift in Sources */,
				951BD9182444705600237280 /* MKPointAnnotation-Codable.swift in Sources */,
				9528734C2442E26700B2AFAA /* MapView1.swift in Sources */,
				9528733A2442C84100B2AFAA /* ContentView.swift in Sources */,
				9528734A2442E13200B2AFAA /* note.swift in Sources */,
			);
			runOnlyForDeploymentPostprocessing = 0;
		};
/* End PBXSourcesBuildPhase section */

/* Begin PBXVariantGroup section */
		952873402442C84500B2AFAA /* LaunchScreen.storyboard */ = {
			isa = PBXVariantGroup;
			children = (
				952873412442C84500B2AFAA /* Base */,
			);
			name = LaunchScreen.storyboard;
			sourceTree = "<group>";
		};
/* End PBXVariantGroup section */

/* Begin XCBuildConfiguration section */
		952873442442C84500B2AFAA /* Debug */ = {
			isa = XCBuildConfiguration;
			buildSettings = {
				ALWAYS_SEARCH_USER_PATHS = NO;
				CLANG_ANALYZER_NONNULL = YES;
				CLANG_ANALYZER_NUMBER_OBJECT_CONVERSION = YES_AGGRESSIVE;
				CLANG_CXX_LANGUAGE_STANDARD = "gnu++14";
				CLANG_CXX_LIBRARY = "libc++";
				CLANG_ENABLE_MODULES = YES;
				CLANG_ENABLE_OBJC_ARC = YES;
				CLANG_ENABLE_OBJC_WEAK = YES;
				CLANG_WARN_BLOCK_CAPTURE_AUTORELEASING = YES;
				CLANG_WARN_BOOL_CONVERSION = YES;
				CLANG_WARN_COMMA = YES;
				CLANG_WARN_CONSTANT_CONVERSION = YES;
				CLANG_WARN_DEPRECATED_OBJC_IMPLEMENTATIONS = YES;
				CLANG_WARN_DIRECT_OBJC_ISA_USAGE = YES_ERROR;
				CLANG_WARN_DOCUMENTATION_COMMENTS = YES;
				CLANG_WARN_EMPTY_BODY = YES;
				CLANG_WARN_ENUM_CONVERSION = YES;
				CLANG_WARN_INFINITE_RECURSION = YES;
				CLANG_WARN_INT_CONVERSION = YES;
				CLANG_WARN_NON_LITERAL_NULL_CONVERSION = YES;
				CLANG_WARN_OBJC_IMPLICIT_RETAIN_SELF = YES;
				CLANG_WARN_OBJC_LITERAL_CONVERSION = YES;
				CLANG_WARN_OBJC_ROOT_CLASS = YES_ERROR;
				CLANG_WARN_RANGE_LOOP_ANALYSIS = YES;
				CLANG_WARN_STRICT_PROTOTYPES = YES;
				CLANG_WARN_SUSPICIOUS_MOVE = YES;
				CLANG_WARN_UNGUARDED_AVAILABILITY = YES_AGGRESSIVE;
				CLANG_WARN_UNREACHABLE_CODE = YES;
				CLANG_WARN__DUPLICATE_METHOD_MATCH = YES;
				COPY_PHASE_STRIP = NO;
				DEBUG_INFORMATION_FORMAT = dwarf;
				ENABLE_STRICT_OBJC_MSGSEND = YES;
				ENABLE_TESTABILITY = YES;
				GCC_C_LANGUAGE_STANDARD = gnu11;
				GCC_DYNAMIC_NO_PIC = NO;
				GCC_NO_COMMON_BLOCKS = YES;
				GCC_OPTIMIZATION_LEVEL = 0;
				GCC_PREPROCESSOR_DEFINITIONS = (
					"DEBUG=1",
					"$(inherited)",
				);
				GCC_WARN_64_TO_32_BIT_CONVERSION = YES;
				GCC_WARN_ABOUT_RETURN_TYPE = YES_ERROR;
				GCC_WARN_UNDECLARED_SELECTOR = YES;
				GCC_WARN_UNINITIALIZED_AUTOS = YES_AGGRESSIVE;
				GCC_WARN_UNUSED_FUNCTION = YES;
				GCC_WARN_UNUSED_VARIABLE = YES;
				IPHONEOS_DEPLOYMENT_TARGET = 13.4;
				MTL_ENABLE_DEBUG_INFO = INCLUDE_SOURCE;
				MTL_FAST_MATH = YES;
				ONLY_ACTIVE_ARCH = YES;
				SDKROOT = iphoneos;
				SWIFT_ACTIVE_COMPILATION_CONDITIONS = DEBUG;
				SWIFT_OPTIMIZATION_LEVEL = "-Onone";
			};
			name = Debug;
		};
		952873452442C84500B2AFAA /* Release */ = {
			isa = XCBuildConfiguration;
			buildSettings = {
				ALWAYS_SEARCH_USER_PATHS = NO;
				CLANG_ANALYZER_NONNULL = YES;
				CLANG_ANALYZER_NUMBER_OBJECT_CONVERSION = YES_AGGRESSIVE;
				CLANG_CXX_LANGUAGE_STANDARD = "gnu++14";
				CLANG_CXX_LIBRARY = "libc++";
				CLANG_ENABLE_MODULES = YES;
				CLANG_ENABLE_OBJC_ARC = YES;
				CLANG_ENABLE_OBJC_WEAK = YES;
				CLANG_WARN_BLOCK_CAPTURE_AUTORELEASING = YES;
				CLANG_WARN_BOOL_CONVERSION = YES;
				CLANG_WARN_COMMA = YES;
				CLANG_WARN_CONSTANT_CONVERSION = YES;
				CLANG_WARN_DEPRECATED_OBJC_IMPLEMENTATIONS = YES;
				CLANG_WARN_DIRECT_OBJC_ISA_USAGE = YES_ERROR;
				CLANG_WARN_DOCUMENTATION_COMMENTS = YES;
				CLANG_WARN_EMPTY_BODY = YES;
				CLANG_WARN_ENUM_CONVERSION = YES;
				CLANG_WARN_INFINITE_RECURSION = YES;
				CLANG_WARN_INT_CONVERSION = YES;
				CLANG_WARN_NON_LITERAL_NULL_CONVERSION = YES;
				CLANG_WARN_OBJC_IMPLICIT_RETAIN_SELF = YES;
				CLANG_WARN_OBJC_LITERAL_CONVERSION = YES;
				CLANG_WARN_OBJC_ROOT_CLASS = YES_ERROR;
				CLANG_WARN_RANGE_LOOP_ANALYSIS = YES;
				CLANG_WARN_STRICT_PROTOTYPES = YES;
				CLANG_WARN_SUSPICIOUS_MOVE = YES;
				CLANG_WARN_UNGUARDED_AVAILABILITY = YES_AGGRESSIVE;
				CLANG_WARN_UNREACHABLE_CODE = YES;
				CLANG_WARN__DUPLICATE_METHOD_MATCH = YES;
				COPY_PHASE_STRIP = NO;
				DEBUG_INFORMATION_FORMAT = "dwarf-with-dsym";
				ENABLE_NS_ASSERTIONS = NO;
				ENABLE_STRICT_OBJC_MSGSEND = YES;
				GCC_C_LANGUAGE_STANDARD = gnu11;
				GCC_NO_COMMON_BLOCKS = YES;
				GCC_WARN_64_TO_32_BIT_CONVERSION = YES;
				GCC_WARN_ABOUT_RETURN_TYPE = YES_ERROR;
				GCC_WARN_UNDECLARED_SELECTOR = YES;
				GCC_WARN_UNINITIALIZED_AUTOS = YES_AGGRESSIVE;
				GCC_WARN_UNUSED_FUNCTION = YES;
				GCC_WARN_UNUSED_VARIABLE = YES;
				IPHONEOS_DEPLOYMENT_TARGET = 13.4;
				MTL_ENABLE_DEBUG_INFO = NO;
				MTL_FAST_MATH = YES;
				SDKROOT = iphoneos;
				SWIFT_COMPILATION_MODE = wholemodule;
				SWIFT_OPTIMIZATION_LEVEL = "-O";
				VALIDATE_PRODUCT = YES;
			};
			name = Release;
		};
		952873472442C84500B2AFAA /* Debug */ = {
			isa = XCBuildConfiguration;
			buildSettings = {
				ASSETCATALOG_COMPILER_APPICON_NAME = AppIcon;
				CODE_SIGN_STYLE = Automatic;
				DEVELOPMENT_ASSET_PATHS = "\"BucketList/Preview Content\"";
				DEVELOPMENT_TEAM = 7RFPAQ2NAA;
				ENABLE_PREVIEWS = YES;
				INFOPLIST_FILE = BucketList/Info.plist;
				LD_RUNPATH_SEARCH_PATHS = (
					"$(inherited)",
					"@executable_path/Frameworks",
				);
				PRODUCT_BUNDLE_IDENTIFIER = com.shino.BucketList;
				PRODUCT_NAME = "$(TARGET_NAME)";
				SWIFT_VERSION = 5.0;
				TARGETED_DEVICE_FAMILY = "1,2";
			};
			name = Debug;
		};
		952873482442C84500B2AFAA /* Release */ = {
			isa = XCBuildConfiguration;
			buildSettings = {
				ASSETCATALOG_COMPILER_APPICON_NAME = AppIcon;
				CODE_SIGN_STYLE = Automatic;
				DEVELOPMENT_ASSET_PATHS = "\"BucketList/Preview Content\"";
				DEVELOPMENT_TEAM = 7RFPAQ2NAA;
				ENABLE_PREVIEWS = YES;
				INFOPLIST_FILE = BucketList/Info.plist;
				LD_RUNPATH_SEARCH_PATHS = (
					"$(inherited)",
					"@executable_path/Frameworks",
				);
				PRODUCT_BUNDLE_IDENTIFIER = com.shino.BucketList;
				PRODUCT_NAME = "$(TARGET_NAME)";
				SWIFT_VERSION = 5.0;
				TARGETED_DEVICE_FAMILY = "1,2";
			};
			name = Release;
		};
/* End XCBuildConfiguration section */

/* Begin XCConfigurationList section */
		9528732D2442C84100B2AFAA /* Build configuration list for PBXProject "BucketList" */ = {
			isa = XCConfigurationList;
			buildConfigurations = (
				952873442442C84500B2AFAA /* Debug */,
				952873452442C84500B2AFAA /* Release */,
			);
			defaultConfigurationIsVisible = 0;
			defaultConfigurationName = Release;
		};
		952873462442C84500B2AFAA /* Build configuration list for PBXNativeTarget "BucketList" */ = {
			isa = XCConfigurationList;
			buildConfigurations = (
				952873472442C84500B2AFAA /* Debug */,
				952873482442C84500B2AFAA /* Release */,
			);
			defaultConfigurationIsVisible = 0;
			defaultConfigurationName = Release;
		};
/* End XCConfigurationList section */
	};
	rootObject = 9528732A2442C84100B2AFAA /* Project object */;
}
